
Microsoft Visual Studio Solution File, Format Version 12.00
# Visual Studio Version 17
Project("{8BC9CEB8-8B4A-11D0-8D11-00A0C91BC942}") = "ALL_BUILD", "ALL_BUILD.vcxproj", "{399EA12D-1CA7-366B-9652-1EC8849455C1}"
	ProjectSection(ProjectDependencies) = postProject
		{0F2943EB-859F-3DFF-913C-06C0F3F2AD7B} = {0F2943EB-859F-3DFF-913C-06C0F3F2AD7B}
		{FFE057FF-5F90-3A52-91DC-4FACBD35F32E} = {FFE057FF-5F90-3A52-91DC-4FACBD35F32E}
	EndProjectSection
EndProject
Project("{8BC9CEB8-8B4A-11D0-8D11-00A0C91BC942}") = "Framework", "Sample\Framework\Framework.vcxproj", "{0F2943EB-859F-3DFF-913C-06C0F3F2AD7B}"
	ProjectSection(ProjectDependencies) = postProject
		{FFE057FF-5F90-3A52-91DC-4FACBD35F32E} = {FFE057FF-5F90-3A52-91DC-4FACBD35F32E}
	EndProjectSection
EndProject
Project("{8BC9CEB8-8B4A-11D0-8D11-00A0C91BC942}") = "Graphics", "Graphics\Graphics.vcxproj", "{FFE057FF-5F90-3A52-91DC-4FACBD35F32E}"
	ProjectSection(ProjectDependencies) = postProject
	EndProjectSection
EndProject
Global
	GlobalSection(SolutionConfigurationPlatforms) = preSolution
		Debug|x64 = Debug|x64
		Release|x64 = Release|x64
		MinSizeRel|x64 = MinSizeRel|x64
		RelWithDebInfo|x64 = RelWithDebInfo|x64
	EndGlobalSection
	GlobalSection(ProjectConfigurationPlatforms) = postSolution
		{399EA12D-1CA7-366B-9652-1EC8849455C1}.Debug|x64.ActiveCfg = Debug|x64
		{399EA12D-1CA7-366B-9652-1EC8849455C1}.Release|x64.ActiveCfg = Release|x64
		{399EA12D-1CA7-366B-9652-1EC8849455C1}.MinSizeRel|x64.ActiveCfg = MinSizeRel|x64
		{399EA12D-1CA7-366B-9652-1EC8849455C1}.RelWithDebInfo|x64.ActiveCfg = RelWithDebInfo|x64
		{0F2943EB-859F-3DFF-913C-06C0F3F2AD7B}.Debug|x64.ActiveCfg = Debug|x64
		{0F2943EB-859F-3DFF-913C-06C0F3F2AD7B}.Debug|x64.Build.0 = Debug|x64
		{0F2943EB-859F-3DFF-913C-06C0F3F2AD7B}.Release|x64.ActiveCfg = Release|x64
		{0F2943EB-859F-3DFF-913C-06C0F3F2AD7B}.Release|x64.Build.0 = Release|x64
		{0F2943EB-859F-3DFF-913C-06C0F3F2AD7B}.MinSizeRel|x64.ActiveCfg = MinSizeRel|x64
		{0F2943EB-859F-3DFF-913C-06C0F3F2AD7B}.MinSizeRel|x64.Build.0 = MinSizeRel|x64
		{0F2943EB-859F-3DFF-913C-06C0F3F2AD7B}.RelWithDebInfo|x64.ActiveCfg = RelWithDebInfo|x64
		{0F2943EB-859F-3DFF-913C-06C0F3F2AD7B}.RelWithDebInfo|x64.Build.0 = RelWithDebInfo|x64
		{FFE057FF-5F90-3A52-91DC-4FACBD35F32E}.Debug|x64.ActiveCfg = Debug|x64
		{FFE057FF-5F90-3A52-91DC-4FACBD35F32E}.Debug|x64.Build.0 = Debug|x64
		{FFE057FF-5F90-3A52-91DC-4FACBD35F32E}.Release|x64.ActiveCfg = Release|x64
		{FFE057FF-5F90-3A52-91DC-4FACBD35F32E}.Release|x64.Build.0 = Release|x64
		{FFE057FF-5F90-3A52-91DC-4FACBD35F32E}.MinSizeRel|x64.ActiveCfg = MinSizeRel|x64
		{FFE057FF-5F90-3A52-91DC-4FACBD35F32E}.MinSizeRel|x64.Build.0 = MinSizeRel|x64
		{FFE057FF-5F90-3A52-91DC-4FACBD35F32E}.RelWithDebInfo|x64.ActiveCfg = RelWithDebInfo|x64
		{FFE057FF-5F90-3A52-91DC-4FACBD35F32E}.RelWithDebInfo|x64.Build.0 = RelWithDebInfo|x64
	EndGlobalSection
	GlobalSection(ExtensibilityGlobals) = postSolution
		SolutionGuid = {EF581636-AF09-3D34-8A85-3BC97FEA2F3F}
	EndGlobalSection
	GlobalSection(ExtensibilityAddIns) = postSolution
	EndGlobalSection
EndGlobal
